
Microsoft Visual Studio Solution File, Format Version 12.00
# Visual Studio Version 16
VisualStudioVersion = 16.0.32413.511
MinimumVisualStudioVersion = 10.0.40219.1
Project("{FAE04EC0-301F-11D3-BF4B-00C04F79EFBC}") = "NumberToText", "NumberToText.csproj", "{EB6FA449-3FAE-4C30-B5B2-1B9F7EF6EE7C}"
EndProject
Global
	GlobalSection(SolutionConfigurationPlatforms) = preSolution
		Debug|Any CPU = Debug|Any CPU
		Release|Any CPU = Release|Any CPU
	EndGlobalSection
	GlobalSection(ProjectConfigurationPlatforms) = postSolution
		{EB6FA449-3FAE-4C30-B5B2-1B9F7EF6EE7C}.Debug|Any CPU.ActiveCfg = Debug|Any CPU
		{EB6FA449-3FAE-4C30-B5B2-1B9F7EF6EE7C}.Debug|Any CPU.Build.0 = Debug|Any CPU
		{EB6FA449-3FAE-4C30-B5B2-1B9F7EF6EE7C}.Release|Any CPU.ActiveCfg = Release|Any CPU
		{EB6FA449-3FAE-4C30-B5B2-1B9F7EF6EE7C}.Release|Any CPU.Build.0 = Release|Any CPU
	EndGlobalSection
	GlobalSection(SolutionProperties) = preSolution
		HideSolutionNode = FALSE
	EndGlobalSection
	GlobalSection(ExtensibilityGlobals) = postSolution
		SolutionGuid = {6F5449F5-1858-4577-96E2-DFAAFEEF5064}
	EndGlobalSection
EndGlobal
